<?xml version="1.0" encoding="UTF-8" standalone="yes" ?>
<CodeBlocks_project_file>
	<FileVersion major="1" minor="6" />
	<Project>
		<Option title="GamLib" />
		<Option pch_mode="2" />
		<Option compiler="gcc" />
		<Build>
			<Target title="Debug">
				<Option output="bin/Debug/GamLib" prefix_auto="1" extension_auto="1" />
				<Option object_output="obj/Debug/" />
				<Option type="3" />
				<Option compiler="gcc" />
				<Option createDefFile="1" />
				<Option createStaticLib="1" />
				<Compiler>
					<Add option="-g" />
				</Compiler>
			</Target>
			<Target title="Release">
				<Option output="bin/Release/GamLib" prefix_auto="1" extension_auto="1" />
				<Option object_output="obj/Release/" />
				<Option type="3" />
				<Option compiler="gcc" />
				<Option createDefFile="1" />
				<Option createStaticLib="1" />
				<Compiler>
					<Add option="-O2" />
				</Compiler>
				<Linker>
					<Add option="-s" />
				</Linker>
			</Target>
		</Build>
		<Compiler>
			<Add option="-Wall" />
			<Add option="-std=c11" />
			<Add option="-fPIC" />
			<Add option="-fexceptions" />
		</Compiler>
		<Unit filename="Animation.cpp" />
		<Unit filename="Animation.h" />
		<Unit filename="BufferObject.h" />
		<Unit filename="Camera.cpp" />
		<Unit filename="Camera.h" />
		<Unit filename="Entity.cpp" />
		<Unit filename="Entity.h" />
		<Unit filename="EntityDelegate.h" />
		<Unit filename="EntityManager.h" />
		<Unit filename="EventManager.cpp" />
		<Unit filename="EventManager.h" />
		<Unit filename="FSMState.h" />
		<Unit filename="FeedbackBuffer.cpp" />
		<Unit filename="FeedbackBuffer.h" />
		<Unit filename="FrameBuffer.cpp" />
		<Unit filename="FrameBuffer.h" />
		<Unit filename="Game.cpp" />
		<Unit filename="Game.h" />
		<Unit filename="GameObject.h" />
		<Unit filename="GraphicElement.h" />
		<Unit filename="IndexBuffer.cpp" />
		<Unit filename="IndexBuffer.h" />
		<Unit filename="Joystick.cpp" />
		<Unit filename="Joystick.h" />
		<Unit filename="KeyFrame.cpp" />
		<Unit filename="KeyFrame.h" />
		<Unit filename="KeyFrameDelegate.cpp" />
		<Unit filename="KeyFrameDelegate.h" />
		<Unit filename="Mechanics.cpp" />
		<Unit filename="Mechanics.h" />
		<Unit filename="ObjectManager.cpp" />
		<Unit filename="ObjectManager.h" />
		<Unit filename="PackBuffer.cpp" />
		<Unit filename="PackBuffer.h" />
		<Unit filename="PixelBuffer.cpp" />
		<Unit filename="PixelBuffer.h" />
		<Unit filename="RenderBuffer.cpp" />
		<Unit filename="RenderBuffer.h" />
		<Unit filename="Renderer.cpp" />
		<Unit filename="Renderer.h" />
		<Unit filename="Scene.cpp" />
		<Unit filename="Scene.h" />
		<Unit filename="Shader.cpp" />
		<Unit filename="Shader.h" />
		<Unit filename="SoundDelegate.h" />
		<Unit filename="SoundManager.cpp" />
		<Unit filename="SoundManager.h" />
		<Unit filename="Sprite.cpp" />
		<Unit filename="Sprite.h" />
		<Unit filename="SpriteDelegate.h" />
		<Unit filename="Texture.cpp" />
		<Unit filename="Texture.h" />
		<Unit filename="TextureBuffer.cpp" />
		<Unit filename="TextureBuffer.h" />
		<Unit filename="TextureManager.cpp" />
		<Unit filename="TextureManager.h" />
		<Unit filename="TileMapManager.cpp" />
		<Unit filename="TileMapManager.h" />
		<Unit filename="Track.cpp" />
		<Unit filename="Track.h" />
		<Unit filename="TrackAction.cpp" />
		<Unit filename="TrackAction.h" />
		<Unit filename="TrackDelegate.cpp" />
		<Unit filename="TrackDelegate.h" />
		<Unit filename="Transformation.cpp" />
		<Unit filename="Transformation.h" />
		<Unit filename="UniformBuffer.cpp" />
		<Unit filename="UniformBuffer.h" />
		<Unit filename="UnpackBuffer.cpp" />
		<Unit filename="UnpackBuffer.h" />
		<Unit filename="VertexArray.cpp" />
		<Unit filename="VertexArray.h" />
		<Unit filename="VertexBuffer.cpp" />
		<Unit filename="VertexBuffer.h" />
		<Unit filename="VertexBufferLayout.cpp" />
		<Unit filename="VertexBufferLayout.h" />
		<Unit filename="framework.h" />
		<Unit filename="resource.h" />
		<Unit filename="stdafx.h" />
		<Unit filename="targetver.h" />
		<Extensions />
	</Project>
</CodeBlocks_project_file>
